
Microsoft Visual Studio Solution File, Format Version 12.00
# Visual Studio Version 16
VisualStudioVersion = 16.0.32126.315
MinimumVisualStudioVersion = 10.0.40219.1
Project("{FAE04EC0-301F-11D3-BF4B-00C04F79EFBC}") = "WFA_AracKaiytFormu", "WFA_AracKaiytFormu\WFA_AracKaiytFormu.csproj", "{EF028C07-2679-446D-B540-2030452D34B7}"
EndProject
Global
	GlobalSection(SolutionConfigurationPlatforms) = preSolution
		Debug|Any CPU = Debug|Any CPU
		Release|Any CPU = Release|Any CPU
	EndGlobalSection
	GlobalSection(ProjectConfigurationPlatforms) = postSolution
		{EF028C07-2679-446D-B540-2030452D34B7}.Debug|Any CPU.ActiveCfg = Debug|Any CPU
		{EF028C07-2679-446D-B540-2030452D34B7}.Debug|Any CPU.Build.0 = Debug|Any CPU
		{EF028C07-2679-446D-B540-2030452D34B7}.Release|Any CPU.ActiveCfg = Release|Any CPU
		{EF028C07-2679-446D-B540-2030452D34B7}.Release|Any CPU.Build.0 = Release|Any CPU
	EndGlobalSection
	GlobalSection(SolutionProperties) = preSolution
		HideSolutionNode = FALSE
	EndGlobalSection
	GlobalSection(ExtensibilityGlobals) = postSolution
		SolutionGuid = {0DDE3E53-879E-4209-ACC9-EBBBA25D1EEE}
	EndGlobalSection
EndGlobal
