
Microsoft Visual Studio Solution File, Format Version 12.00
# Visual Studio Version 16
VisualStudioVersion = 16.0.32126.315
MinimumVisualStudioVersion = 10.0.40219.1
Project("{FAE04EC0-301F-11D3-BF4B-00C04F79EFBC}") = "WFCarpımTablosu", "WFCarpımTablosu\WFCarpımTablosu.csproj", "{B76A8DE5-16DC-435B-AF21-4BF2AFF3ECDE}"
EndProject
Global
	GlobalSection(SolutionConfigurationPlatforms) = preSolution
		Debug|Any CPU = Debug|Any CPU
		Release|Any CPU = Release|Any CPU
	EndGlobalSection
	GlobalSection(ProjectConfigurationPlatforms) = postSolution
		{B76A8DE5-16DC-435B-AF21-4BF2AFF3ECDE}.Debug|Any CPU.ActiveCfg = Debug|Any CPU
		{B76A8DE5-16DC-435B-AF21-4BF2AFF3ECDE}.Debug|Any CPU.Build.0 = Debug|Any CPU
		{B76A8DE5-16DC-435B-AF21-4BF2AFF3ECDE}.Release|Any CPU.ActiveCfg = Release|Any CPU
		{B76A8DE5-16DC-435B-AF21-4BF2AFF3ECDE}.Release|Any CPU.Build.0 = Release|Any CPU
	EndGlobalSection
	GlobalSection(SolutionProperties) = preSolution
		HideSolutionNode = FALSE
	EndGlobalSection
	GlobalSection(ExtensibilityGlobals) = postSolution
		SolutionGuid = {8D1DC33C-08B3-4687-A976-C29666DEF81F}
	EndGlobalSection
EndGlobal
