
Microsoft Visual Studio Solution File, Format Version 12.00
# Visual Studio Version 16
VisualStudioVersion = 16.0.32228.343
MinimumVisualStudioVersion = 10.0.40219.1
Project("{FAE04EC0-301F-11D3-BF4B-00C04F79EFBC}") = "HastaneRandevu", "HastaneRandevu\HastaneRandevu.csproj", "{4198D751-52B1-45ED-B620-175B6329D7CF}"
EndProject
Global
	GlobalSection(SolutionConfigurationPlatforms) = preSolution
		Debug|Any CPU = Debug|Any CPU
		Release|Any CPU = Release|Any CPU
	EndGlobalSection
	GlobalSection(ProjectConfigurationPlatforms) = postSolution
		{4198D751-52B1-45ED-B620-175B6329D7CF}.Debug|Any CPU.ActiveCfg = Debug|Any CPU
		{4198D751-52B1-45ED-B620-175B6329D7CF}.Debug|Any CPU.Build.0 = Debug|Any CPU
		{4198D751-52B1-45ED-B620-175B6329D7CF}.Release|Any CPU.ActiveCfg = Release|Any CPU
		{4198D751-52B1-45ED-B620-175B6329D7CF}.Release|Any CPU.Build.0 = Release|Any CPU
	EndGlobalSection
	GlobalSection(SolutionProperties) = preSolution
		HideSolutionNode = FALSE
	EndGlobalSection
	GlobalSection(ExtensibilityGlobals) = postSolution
		SolutionGuid = {CC649C82-80AC-4A64-878F-8FDB9C9F6E51}
	EndGlobalSection
EndGlobal
