
Microsoft Visual Studio Solution File, Format Version 12.00
# Visual Studio Version 16
VisualStudioVersion = 16.0.32228.343
MinimumVisualStudioVersion = 10.0.40219.1
Project("{FAE04EC0-301F-11D3-BF4B-00C04F79EFBC}") = "DinamikMenu", "DinamikMenu\DinamikMenu.csproj", "{297D0722-B4A5-439B-B01D-BEFC7A5DE529}"
EndProject
Global
	GlobalSection(SolutionConfigurationPlatforms) = preSolution
		Debug|Any CPU = Debug|Any CPU
		Release|Any CPU = Release|Any CPU
	EndGlobalSection
	GlobalSection(ProjectConfigurationPlatforms) = postSolution
		{297D0722-B4A5-439B-B01D-BEFC7A5DE529}.Debug|Any CPU.ActiveCfg = Debug|Any CPU
		{297D0722-B4A5-439B-B01D-BEFC7A5DE529}.Debug|Any CPU.Build.0 = Debug|Any CPU
		{297D0722-B4A5-439B-B01D-BEFC7A5DE529}.Release|Any CPU.ActiveCfg = Release|Any CPU
		{297D0722-B4A5-439B-B01D-BEFC7A5DE529}.Release|Any CPU.Build.0 = Release|Any CPU
	EndGlobalSection
	GlobalSection(SolutionProperties) = preSolution
		HideSolutionNode = FALSE
	EndGlobalSection
	GlobalSection(ExtensibilityGlobals) = postSolution
		SolutionGuid = {47CF8C6D-7AF7-4F11-839B-CEDCDE6C0A71}
	EndGlobalSection
EndGlobal
