
Microsoft Visual Studio Solution File, Format Version 12.00
# Visual Studio Version 16
VisualStudioVersion = 16.0.32228.343
MinimumVisualStudioVersion = 10.0.40219.1
Project("{FAE04EC0-301F-11D3-BF4B-00C04F79EFBC}") = "Constructor", "Constructor\Constructor.csproj", "{B8F0D661-A1B9-4FFD-B5F9-2B7869701940}"
EndProject
Global
	GlobalSection(SolutionConfigurationPlatforms) = preSolution
		Debug|Any CPU = Debug|Any CPU
		Release|Any CPU = Release|Any CPU
	EndGlobalSection
	GlobalSection(ProjectConfigurationPlatforms) = postSolution
		{B8F0D661-A1B9-4FFD-B5F9-2B7869701940}.Debug|Any CPU.ActiveCfg = Debug|Any CPU
		{B8F0D661-A1B9-4FFD-B5F9-2B7869701940}.Debug|Any CPU.Build.0 = Debug|Any CPU
		{B8F0D661-A1B9-4FFD-B5F9-2B7869701940}.Release|Any CPU.ActiveCfg = Release|Any CPU
		{B8F0D661-A1B9-4FFD-B5F9-2B7869701940}.Release|Any CPU.Build.0 = Release|Any CPU
	EndGlobalSection
	GlobalSection(SolutionProperties) = preSolution
		HideSolutionNode = FALSE
	EndGlobalSection
	GlobalSection(ExtensibilityGlobals) = postSolution
		SolutionGuid = {336CD4EE-8871-425A-8D9C-71CFDC19BB82}
	EndGlobalSection
EndGlobal
