
Microsoft Visual Studio Solution File, Format Version 12.00
# Visual Studio Version 16
VisualStudioVersion = 16.0.32126.315
MinimumVisualStudioVersion = 10.0.40219.1
Project("{FAE04EC0-301F-11D3-BF4B-00C04F79EFBC}") = "WFA_SayisalLoto", "WFA_SayisalLoto\WFA_SayisalLoto.csproj", "{7D395434-61A0-40CE-BA4D-8E8E138B1FC4}"
EndProject
Global
	GlobalSection(SolutionConfigurationPlatforms) = preSolution
		Debug|Any CPU = Debug|Any CPU
		Release|Any CPU = Release|Any CPU
	EndGlobalSection
	GlobalSection(ProjectConfigurationPlatforms) = postSolution
		{7D395434-61A0-40CE-BA4D-8E8E138B1FC4}.Debug|Any CPU.ActiveCfg = Debug|Any CPU
		{7D395434-61A0-40CE-BA4D-8E8E138B1FC4}.Debug|Any CPU.Build.0 = Debug|Any CPU
		{7D395434-61A0-40CE-BA4D-8E8E138B1FC4}.Release|Any CPU.ActiveCfg = Release|Any CPU
		{7D395434-61A0-40CE-BA4D-8E8E138B1FC4}.Release|Any CPU.Build.0 = Release|Any CPU
	EndGlobalSection
	GlobalSection(SolutionProperties) = preSolution
		HideSolutionNode = FALSE
	EndGlobalSection
	GlobalSection(ExtensibilityGlobals) = postSolution
		SolutionGuid = {0104A155-0AE2-4FC1-BACE-FEB287393268}
	EndGlobalSection
EndGlobal
