
Microsoft Visual Studio Solution File, Format Version 12.00
# Visual Studio Version 16
VisualStudioVersion = 16.0.32126.315
MinimumVisualStudioVersion = 10.0.40219.1
Project("{FAE04EC0-301F-11D3-BF4B-00C04F79EFBC}") = "TUBALABIRENTSON", "TUBALABIRENTSON\TUBALABIRENTSON.csproj", "{0BA73263-E25F-4044-9607-36FFB6767598}"
EndProject
Global
	GlobalSection(SolutionConfigurationPlatforms) = preSolution
		Debug|Any CPU = Debug|Any CPU
		Release|Any CPU = Release|Any CPU
	EndGlobalSection
	GlobalSection(ProjectConfigurationPlatforms) = postSolution
		{0BA73263-E25F-4044-9607-36FFB6767598}.Debug|Any CPU.ActiveCfg = Debug|Any CPU
		{0BA73263-E25F-4044-9607-36FFB6767598}.Debug|Any CPU.Build.0 = Debug|Any CPU
		{0BA73263-E25F-4044-9607-36FFB6767598}.Release|Any CPU.ActiveCfg = Release|Any CPU
		{0BA73263-E25F-4044-9607-36FFB6767598}.Release|Any CPU.Build.0 = Release|Any CPU
	EndGlobalSection
	GlobalSection(SolutionProperties) = preSolution
		HideSolutionNode = FALSE
	EndGlobalSection
	GlobalSection(ExtensibilityGlobals) = postSolution
		SolutionGuid = {8F469E8F-65B2-4EA7-A609-5B2CD9BA9888}
	EndGlobalSection
EndGlobal
