
Microsoft Visual Studio Solution File, Format Version 12.00
# Visual Studio Version 16
VisualStudioVersion = 16.0.32228.343
MinimumVisualStudioVersion = 10.0.40219.1
Project("{FAE04EC0-301F-11D3-BF4B-00C04F79EFBC}") = "InsanKaynaklari", "InsanKaynaklari\InsanKaynaklari.csproj", "{A0FC5FFF-5301-4A9B-B7A1-A5219FA92063}"
EndProject
Global
	GlobalSection(SolutionConfigurationPlatforms) = preSolution
		Debug|Any CPU = Debug|Any CPU
		Release|Any CPU = Release|Any CPU
	EndGlobalSection
	GlobalSection(ProjectConfigurationPlatforms) = postSolution
		{A0FC5FFF-5301-4A9B-B7A1-A5219FA92063}.Debug|Any CPU.ActiveCfg = Debug|Any CPU
		{A0FC5FFF-5301-4A9B-B7A1-A5219FA92063}.Debug|Any CPU.Build.0 = Debug|Any CPU
		{A0FC5FFF-5301-4A9B-B7A1-A5219FA92063}.Release|Any CPU.ActiveCfg = Release|Any CPU
		{A0FC5FFF-5301-4A9B-B7A1-A5219FA92063}.Release|Any CPU.Build.0 = Release|Any CPU
	EndGlobalSection
	GlobalSection(SolutionProperties) = preSolution
		HideSolutionNode = FALSE
	EndGlobalSection
	GlobalSection(ExtensibilityGlobals) = postSolution
		SolutionGuid = {CF1F3B79-C42A-41CD-9B19-A030DEF40281}
	EndGlobalSection
EndGlobal
